// !$*UTF8*$!
{
	archiveVersion = 1;
	classes = {
	};
	objectVersion = 50;
	objects = {

/* Begin PBXBuildFile section */
		F22EAF5626A775A900EF682C /* AppDelegate.m in Sources */ = {isa = PBXBuildFile; fileRef = F22EAF5526A775A900EF682C /* AppDelegate.m */; };
		F22EAF5926A775A900EF682C /* ViewController.m in Sources */ = {isa = PBXBuildFile; fileRef = F22EAF5826A775A900EF682C /* ViewController.m */; };
		F22EAF5B26A775AB00EF682C /* Assets.xcassets in Resources */ = {isa = PBXBuildFile; fileRef = F22EAF5A26A775AB00EF682C /* Assets.xcassets */; };
		F22EAF5E26A775AB00EF682C /* Main.storyboard in Resources */ = {isa = PBXBuildFile; fileRef = F22EAF5C26A775AB00EF682C /* Main.storyboard */; };
		F22EAF6126A775AB00EF682C /* main.m in Sources */ = {isa = PBXBuildFile; fileRef = F22EAF6026A775AB00EF682C /* main.m */; };
		F22EAF6C26A775AB00EF682C /* memtestTests.m in Sources */ = {isa = PBXBuildFile; fileRef = F22EAF6B26A775AB00EF682C /* memtestTests.m */; };
		F22EAF7726A775AB00EF682C /* memtestUITests.m in Sources */ = {isa = PBXBuildFile; fileRef = F22EAF7626A775AB00EF682C /* memtestUITests.m */; };
		F22EAF8726A7DAD400EF682C /* drivedetect.m in Sources */ = {isa = PBXBuildFile; fileRef = F22EAF8626A7DAD400EF682C /* drivedetect.m */; };
		F29011D426B0C3BF001AE23B /* instance.m in Sources */ = {isa = PBXBuildFile; fileRef = F29011D326B0C3BF001AE23B /* instance.m */; };
		F2A6CE5F26A8A8F30028BF43 /* .gitignore in Resources */ = {isa = PBXBuildFile; fileRef = F2A6CE5E26A8A8F30028BF43 /* .gitignore */; };
		F2A6CE6126A8A9060028BF43 /* .gitignore in Resources */ = {isa = PBXBuildFile; fileRef = F2A6CE6026A8A9060028BF43 /* .gitignore */; };
/* End PBXBuildFile section */

/* Begin PBXContainerItemProxy section */
		F22EAF6826A775AB00EF682C /* PBXContainerItemProxy */ = {
			isa = PBXContainerItemProxy;
			containerPortal = F22EAF4926A775A900EF682C /* Project object */;
			proxyType = 1;
			remoteGlobalIDString = F22EAF5026A775A900EF682C;
			remoteInfo = memtest;
		};
		F22EAF7326A775AB00EF682C /* PBXContainerItemProxy */ = {
			isa = PBXContainerItemProxy;
			containerPortal = F22EAF4926A775A900EF682C /* Project object */;
			proxyType = 1;
			remoteGlobalIDString = F22EAF5026A775A900EF682C;
			remoteInfo = memtest;
		};
/* End PBXContainerItemProxy section */

/* Begin PBXFileReference section */
		F22EAF5126A775A900EF682C /* memtest.app */ = {isa = PBXFileReference; explicitFileType = wrapper.application; includeInIndex = 0; path = memtest.app; sourceTree = BUILT_PRODUCTS_DIR; };
		F22EAF5426A775A900EF682C /* AppDelegate.h */ = {isa = PBXFileReference; lastKnownFileType = sourcecode.c.h; path = AppDelegate.h; sourceTree = "<group>"; };
		F22EAF5526A775A900EF682C /* AppDelegate.m */ = {isa = PBXFileReference; lastKnownFileType = sourcecode.c.objc; path = AppDelegate.m; sourceTree = "<group>"; };
		F22EAF5726A775A900EF682C /* ViewController.h */ = {isa = PBXFileReference; lastKnownFileType = sourcecode.c.h; path = ViewController.h; sourceTree = "<group>"; };
		F22EAF5826A775A900EF682C /* ViewController.m */ = {isa = PBXFileReference; lastKnownFileType = sourcecode.c.objc; path = ViewController.m; sourceTree = "<group>"; };
		F22EAF5A26A775AB00EF682C /* Assets.xcassets */ = {isa = PBXFileReference; lastKnownFileType = folder.assetcatalog; path = Assets.xcassets; sourceTree = "<group>"; };
		F22EAF5D26A775AB00EF682C /* Base */ = {isa = PBXFileReference; lastKnownFileType = file.storyboard; name = Base; path = Base.lproj/Main.storyboard; sourceTree = "<group>"; };
		F22EAF5F26A775AB00EF682C /* Info.plist */ = {isa = PBXFileReference; lastKnownFileType = text.plist.xml; path = Info.plist; sourceTree = "<group>"; };
		F22EAF6026A775AB00EF682C /* main.m */ = {isa = PBXFileReference; lastKnownFileType = sourcecode.c.objc; path = main.m; sourceTree = "<group>"; };
		F22EAF6226A775AB00EF682C /* memtest.entitlements */ = {isa = PBXFileReference; lastKnownFileType = text.plist.entitlements; path = memtest.entitlements; sourceTree = "<group>"; };
		F22EAF6726A775AB00EF682C /* memtestTests.xctest */ = {isa = PBXFileReference; explicitFileType = wrapper.cfbundle; includeInIndex = 0; path = memtestTests.xctest; sourceTree = BUILT_PRODUCTS_DIR; };
		F22EAF6B26A775AB00EF682C /* memtestTests.m */ = {isa = PBXFileReference; lastKnownFileType = sourcecode.c.objc; path = memtestTests.m; sourceTree = "<group>"; };
		F22EAF6D26A775AB00EF682C /* Info.plist */ = {isa = PBXFileReference; lastKnownFileType = text.plist.xml; path = Info.plist; sourceTree = "<group>"; };
		F22EAF7226A775AB00EF682C /* memtestUITests.xctest */ = {isa = PBXFileReference; explicitFileType = wrapper.cfbundle; includeInIndex = 0; path = memtestUITests.xctest; sourceTree = BUILT_PRODUCTS_DIR; };
		F22EAF7626A775AB00EF682C /* memtestUITests.m */ = {isa = PBXFileReference; lastKnownFileType = sourcecode.c.objc; path = memtestUITests.m; sourceTree = "<group>"; };
		F22EAF7826A775AB00EF682C /* Info.plist */ = {isa = PBXFileReference; lastKnownFileType = text.plist.xml; path = Info.plist; sourceTree = "<group>"; };
		F22EAF8626A7DAD400EF682C /* drivedetect.m */ = {isa = PBXFileReference; lastKnownFileType = sourcecode.c.objc; path = drivedetect.m; sourceTree = "<group>"; };
		F29011D326B0C3BF001AE23B /* instance.m */ = {isa = PBXFileReference; lastKnownFileType = sourcecode.c.objc; path = instance.m; sourceTree = "<group>"; };
		F29011D526B0CD46001AE23B /* instance.h */ = {isa = PBXFileReference; lastKnownFileType = sourcecode.c.h; path = instance.h; sourceTree = "<group>"; };
		F2A6CE5D26A7E1E70028BF43 /* drivedetect.h */ = {isa = PBXFileReference; lastKnownFileType = sourcecode.c.h; path = drivedetect.h; sourceTree = "<group>"; };
		F2A6CE5E26A8A8F30028BF43 /* .gitignore */ = {isa = PBXFileReference; lastKnownFileType = text; path = .gitignore; sourceTree = "<group>"; };
		F2A6CE6026A8A9060028BF43 /* .gitignore */ = {isa = PBXFileReference; lastKnownFileType = text; path = .gitignore; sourceTree = "<group>"; };
/* End PBXFileReference section */

/* Begin PBXFrameworksBuildPhase section */
		F22EAF4E26A775A900EF682C /* Frameworks */ = {
			isa = PBXFrameworksBuildPhase;
			buildActionMask = 2147483647;
			files = (
			);
			runOnlyForDeploymentPostprocessing = 0;
		};
		F22EAF6426A775AB00EF682C /* Frameworks */ = {
			isa = PBXFrameworksBuildPhase;
			buildActionMask = 2147483647;
			files = (
			);
			runOnlyForDeploymentPostprocessing = 0;
		};
		F22EAF6F26A775AB00EF682C /* Frameworks */ = {
			isa = PBXFrameworksBuildPhase;
			buildActionMask = 2147483647;
			files = (
			);
			runOnlyForDeploymentPostprocessing = 0;
		};
/* End PBXFrameworksBuildPhase section */

/* Begin PBXGroup section */
		F22EAF4826A775A900EF682C = {
			isa = PBXGroup;
			children = (
				F22EAF5326A775A900EF682C /* memtest */,
				F22EAF6A26A775AB00EF682C /* memtestTests */,
				F22EAF7526A775AB00EF682C /* memtestUITests */,
				F22EAF5226A775A900EF682C /* Products */,
			);
			sourceTree = "<group>";
		};
		F22EAF5226A775A900EF682C /* Products */ = {
			isa = PBXGroup;
			children = (
				F22EAF5126A775A900EF682C /* memtest.app */,
				F22EAF6726A775AB00EF682C /* memtestTests.xctest */,
				F22EAF7226A775AB00EF682C /* memtestUITests.xctest */,
			);
			name = Products;
			sourceTree = "<group>";
		};
		F22EAF5326A775A900EF682C /* memtest */ = {
			isa = PBXGroup;
			children = (
				F22EAF5426A775A900EF682C /* AppDelegate.h */,
				F29011D526B0CD46001AE23B /* instance.h */,
				F29011D326B0C3BF001AE23B /* instance.m */,
				F22EAF5526A775A900EF682C /* AppDelegate.m */,
				F22EAF5726A775A900EF682C /* ViewController.h */,
				F22EAF5826A775A900EF682C /* ViewController.m */,
				F22EAF5A26A775AB00EF682C /* Assets.xcassets */,
				F22EAF5C26A775AB00EF682C /* Main.storyboard */,
				F22EAF5F26A775AB00EF682C /* Info.plist */,
				F22EAF6026A775AB00EF682C /* main.m */,
				F22EAF6226A775AB00EF682C /* memtest.entitlements */,
				F22EAF8626A7DAD400EF682C /* drivedetect.m */,
				F2A6CE5D26A7E1E70028BF43 /* drivedetect.h */,
			);
			path = memtest;
			sourceTree = "<group>";
		};
		F22EAF6A26A775AB00EF682C /* memtestTests */ = {
			isa = PBXGroup;
			children = (
				F22EAF6B26A775AB00EF682C /* memtestTests.m */,
				F22EAF6D26A775AB00EF682C /* Info.plist */,
				F2A6CE5E26A8A8F30028BF43 /* .gitignore */,
			);
			path = memtestTests;
			sourceTree = "<group>";
		};
		F22EAF7526A775AB00EF682C /* memtestUITests */ = {
			isa = PBXGroup;
			children = (
				F22EAF7626A775AB00EF682C /* memtestUITests.m */,
				F22EAF7826A775AB00EF682C /* Info.plist */,
				F2A6CE6026A8A9060028BF43 /* .gitignore */,
			);
			path = memtestUITests;
			sourceTree = "<group>";
		};
/* End PBXGroup section */

/* Begin PBXNativeTarget section */
		F22EAF5026A775A900EF682C /* memtest */ = {
			isa = PBXNativeTarget;
			buildConfigurationList = F22EAF7B26A775AB00EF682C /* Build configuration list for PBXNativeTarget "memtest" */;
			buildPhases = (
				F22EAF4D26A775A900EF682C /* Sources */,
				F22EAF4E26A775A900EF682C /* Frameworks */,
				F22EAF4F26A775A900EF682C /* Resources */,
			);
			buildRules = (
			);
			dependencies = (
			);
			name = memtest;
			productName = memtest;
			productReference = F22EAF5126A775A900EF682C /* memtest.app */;
			productType = "com.apple.product-type.application";
		};
		F22EAF6626A775AB00EF682C /* memtestTests */ = {
			isa = PBXNativeTarget;
			buildConfigurationList = F22EAF7E26A775AB00EF682C /* Build configuration list for PBXNativeTarget "memtestTests" */;
			buildPhases = (
				F22EAF6326A775AB00EF682C /* Sources */,
				F22EAF6426A775AB00EF682C /* Frameworks */,
				F22EAF6526A775AB00EF682C /* Resources */,
			);
			buildRules = (
			);
			dependencies = (
				F22EAF6926A775AB00EF682C /* PBXTargetDependency */,
			);
			name = memtestTests;
			productName = memtestTests;
			productReference = F22EAF6726A775AB00EF682C /* memtestTests.xctest */;
			productType = "com.apple.product-type.bundle.unit-test";
		};
		F22EAF7126A775AB00EF682C /* memtestUITests */ = {
			isa = PBXNativeTarget;
			buildConfigurationList = F22EAF8126A775AB00EF682C /* Build configuration list for PBXNativeTarget "memtestUITests" */;
			buildPhases = (
				F22EAF6E26A775AB00EF682C /* Sources */,
				F22EAF6F26A775AB00EF682C /* Frameworks */,
				F22EAF7026A775AB00EF682C /* Resources */,
			);
			buildRules = (
			);
			dependencies = (
				F22EAF7426A775AB00EF682C /* PBXTargetDependency */,
			);
			name = memtestUITests;
			productName = memtestUITests;
			productReference = F22EAF7226A775AB00EF682C /* memtestUITests.xctest */;
			productType = "com.apple.product-type.bundle.ui-testing";
		};
/* End PBXNativeTarget section */

/* Begin PBXProject section */
		F22EAF4926A775A900EF682C /* Project object */ = {
			isa = PBXProject;
			attributes = {
				LastUpgradeCheck = 1250;
				TargetAttributes = {
					F22EAF5026A775A900EF682C = {
						CreatedOnToolsVersion = 12.5;
					};
					F22EAF6626A775AB00EF682C = {
						CreatedOnToolsVersion = 12.5;
						TestTargetID = F22EAF5026A775A900EF682C;
					};
					F22EAF7126A775AB00EF682C = {
						CreatedOnToolsVersion = 12.5;
						TestTargetID = F22EAF5026A775A900EF682C;
					};
				};
			};
			buildConfigurationList = F22EAF4C26A775A900EF682C /* Build configuration list for PBXProject "memtest" */;
			compatibilityVersion = "Xcode 9.3";
			developmentRegion = en;
			hasScannedForEncodings = 0;
			knownRegions = (
				en,
				Base,
			);
			mainGroup = F22EAF4826A775A900EF682C;
			productRefGroup = F22EAF5226A775A900EF682C /* Products */;
			projectDirPath = "";
			projectRoot = "";
			targets = (
				F22EAF5026A775A900EF682C /* memtest */,
				F22EAF6626A775AB00EF682C /* memtestTests */,
				F22EAF7126A775AB00EF682C /* memtestUITests */,
			);
		};
/* End PBXProject section */

/* Begin PBXResourcesBuildPhase section */
		F22EAF4F26A775A900EF682C /* Resources */ = {
			isa = PBXResourcesBuildPhase;
			buildActionMask = 2147483647;
			files = (
				F22EAF5B26A775AB00EF682C /* Assets.xcassets in Resources */,
				F22EAF5E26A775AB00EF682C /* Main.storyboard in Resources */,
			);
			runOnlyForDeploymentPostprocessing = 0;
		};
		F22EAF6526A775AB00EF682C /* Resources */ = {
			isa = PBXResourcesBuildPhase;
			buildActionMask = 2147483647;
			files = (
				F2A6CE5F26A8A8F30028BF43 /* .gitignore in Resources */,
			);
			runOnlyForDeploymentPostprocessing = 0;
		};
		F22EAF7026A775AB00EF682C /* Resources */ = {
			isa = PBXResourcesBuildPhase;
			buildActionMask = 2147483647;
			files = (
				F2A6CE6126A8A9060028BF43 /* .gitignore in Resources */,
			);
			runOnlyForDeploymentPostprocessing = 0;
		};
/* End PBXResourcesBuildPhase section */

/* Begin PBXSourcesBuildPhase section */
		F22EAF4D26A775A900EF682C /* Sources */ = {
			isa = PBXSourcesBuildPhase;
			buildActionMask = 2147483647;
			files = (
				F22EAF5926A775A900EF682C /* ViewController.m in Sources */,
				F22EAF6126A775AB00EF682C /* main.m in Sources */,
				F22EAF5626A775A900EF682C /* AppDelegate.m in Sources */,
				F22EAF8726A7DAD400EF682C /* drivedetect.m in Sources */,
				F29011D426B0C3BF001AE23B /* instance.m in Sources */,
			);
			runOnlyForDeploymentPostprocessing = 0;
		};
		F22EAF6326A775AB00EF682C /* Sources */ = {
			isa = PBXSourcesBuildPhase;
			buildActionMask = 2147483647;
			files = (
				F22EAF6C26A775AB00EF682C /* memtestTests.m in Sources */,
			);
			runOnlyForDeploymentPostprocessing = 0;
		};
		F22EAF6E26A775AB00EF682C /* Sources */ = {
			isa = PBXSourcesBuildPhase;
			buildActionMask = 2147483647;
			files = (
				F22EAF7726A775AB00EF682C /* memtestUITests.m in Sources */,
			);
			runOnlyForDeploymentPostprocessing = 0;
		};
/* End PBXSourcesBuildPhase section */

/* Begin PBXTargetDependency section */
		F22EAF6926A775AB00EF682C /* PBXTargetDependency */ = {
			isa = PBXTargetDependency;
			target = F22EAF5026A775A900EF682C /* memtest */;
			targetProxy = F22EAF6826A775AB00EF682C /* PBXContainerItemProxy */;
		};
		F22EAF7426A775AB00EF682C /* PBXTargetDependency */ = {
			isa = PBXTargetDependency;
			target = F22EAF5026A775A900EF682C /* memtest */;
			targetProxy = F22EAF7326A775AB00EF682C /* PBXContainerItemProxy */;
		};
/* End PBXTargetDependency section */

/* Begin PBXVariantGroup section */
		F22EAF5C26A775AB00EF682C /* Main.storyboard */ = {
			isa = PBXVariantGroup;
			children = (
				F22EAF5D26A775AB00EF682C /* Base */,
			);
			name = Main.storyboard;
			sourceTree = "<group>";
		};
/* End PBXVariantGroup section */

/* Begin XCBuildConfiguration section */
		F22EAF7926A775AB00EF682C /* Debug */ = {
			isa = XCBuildConfiguration;
			buildSettings = {
				ALWAYS_SEARCH_USER_PATHS = NO;
				CLANG_ANALYZER_NONNULL = YES;
				CLANG_ANALYZER_NUMBER_OBJECT_CONVERSION = YES_AGGRESSIVE;
				CLANG_CXX_LANGUAGE_STANDARD = "gnu++14";
				CLANG_CXX_LIBRARY = "libc++";
				CLANG_ENABLE_MODULES = YES;
				CLANG_ENABLE_OBJC_ARC = YES;
				CLANG_ENABLE_OBJC_WEAK = YES;
				CLANG_WARN_BLOCK_CAPTURE_AUTORELEASING = YES;
				CLANG_WARN_BOOL_CONVERSION = YES;
				CLANG_WARN_COMMA = YES;
				CLANG_WARN_CONSTANT_CONVERSION = YES;
				CLANG_WARN_DEPRECATED_OBJC_IMPLEMENTATIONS = YES;
				CLANG_WARN_DIRECT_OBJC_ISA_USAGE = YES_ERROR;
				CLANG_WARN_DOCUMENTATION_COMMENTS = YES;
				CLANG_WARN_EMPTY_BODY = YES;
				CLANG_WARN_ENUM_CONVERSION = YES;
				CLANG_WARN_INFINITE_RECURSION = YES;
				CLANG_WARN_INT_CONVERSION = YES;
				CLANG_WARN_NON_LITERAL_NULL_CONVERSION = YES;
				CLANG_WARN_OBJC_IMPLICIT_RETAIN_SELF = YES;
				CLANG_WARN_OBJC_LITERAL_CONVERSION = YES;
				CLANG_WARN_OBJC_ROOT_CLASS = YES_ERROR;
				CLANG_WARN_QUOTED_INCLUDE_IN_FRAMEWORK_HEADER = YES;
				CLANG_WARN_RANGE_LOOP_ANALYSIS = YES;
				CLANG_WARN_STRICT_PROTOTYPES = YES;
				CLANG_WARN_SUSPICIOUS_MOVE = YES;
				CLANG_WARN_UNGUARDED_AVAILABILITY = YES_AGGRESSIVE;
				CLANG_WARN_UNREACHABLE_CODE = YES;
				CLANG_WARN__DUPLICATE_METHOD_MATCH = YES;
				COPY_PHASE_STRIP = NO;
				DEBUG_INFORMATION_FORMAT = dwarf;
				ENABLE_STRICT_OBJC_MSGSEND = YES;
				ENABLE_TESTABILITY = YES;
				GCC_C_LANGUAGE_STANDARD = gnu11;
				GCC_DYNAMIC_NO_PIC = NO;
				GCC_NO_COMMON_BLOCKS = YES;
				GCC_OPTIMIZATION_LEVEL = 0;
				GCC_PREPROCESSOR_DEFINITIONS = (
					"DEBUG=1",
					"$(inherited)",
				);
				GCC_WARN_64_TO_32_BIT_CONVERSION = YES;
				GCC_WARN_ABOUT_RETURN_TYPE = YES_ERROR;
				GCC_WARN_UNDECLARED_SELECTOR = YES;
				GCC_WARN_UNINITIALIZED_AUTOS = YES_AGGRESSIVE;
				GCC_WARN_UNUSED_FUNCTION = YES;
				GCC_WARN_UNUSED_VARIABLE = YES;
				MACOSX_DEPLOYMENT_TARGET = 11.3;
				MTL_ENABLE_DEBUG_INFO = INCLUDE_SOURCE;
				MTL_FAST_MATH = YES;
				ONLY_ACTIVE_ARCH = YES;
				SDKROOT = macosx;
			};
			name = Debug;
		};
		F22EAF7A26A775AB00EF682C /* Release */ = {
			isa = XCBuildConfiguration;
			buildSettings = {
				ALWAYS_SEARCH_USER_PATHS = NO;
				CLANG_ANALYZER_NONNULL = YES;
				CLANG_ANALYZER_NUMBER_OBJECT_CONVERSION = YES_AGGRESSIVE;
				CLANG_CXX_LANGUAGE_STANDARD = "gnu++14";
				CLANG_CXX_LIBRARY = "libc++";
				CLANG_ENABLE_MODULES = YES;
				CLANG_ENABLE_OBJC_ARC = YES;
				CLANG_ENABLE_OBJC_WEAK = YES;
				CLANG_WARN_BLOCK_CAPTURE_AUTORELEASING = YES;
				CLANG_WARN_BOOL_CONVERSION = YES;
				CLANG_WARN_COMMA = YES;
				CLANG_WARN_CONSTANT_CONVERSION = YES;
				CLANG_WARN_DEPRECATED_OBJC_IMPLEMENTATIONS = YES;
				CLANG_WARN_DIRECT_OBJC_ISA_USAGE = YES_ERROR;
				CLANG_WARN_DOCUMENTATION_COMMENTS = YES;
				CLANG_WARN_EMPTY_BODY = YES;
				CLANG_WARN_ENUM_CONVERSION = YES;
				CLANG_WARN_INFINITE_RECURSION = YES;
				CLANG_WARN_INT_CONVERSION = YES;
				CLANG_WARN_NON_LITERAL_NULL_CONVERSION = YES;
				CLANG_WARN_OBJC_IMPLICIT_RETAIN_SELF = YES;
				CLANG_WARN_OBJC_LITERAL_CONVERSION = YES;
				CLANG_WARN_OBJC_ROOT_CLASS = YES_ERROR;
				CLANG_WARN_QUOTED_INCLUDE_IN_FRAMEWORK_HEADER = YES;
				CLANG_WARN_RANGE_LOOP_ANALYSIS = YES;
				CLANG_WARN_STRICT_PROTOTYPES = YES;
				CLANG_WARN_SUSPICIOUS_MOVE = YES;
				CLANG_WARN_UNGUARDED_AVAILABILITY = YES_AGGRESSIVE;
				CLANG_WARN_UNREACHABLE_CODE = YES;
				CLANG_WARN__DUPLICATE_METHOD_MATCH = YES;
				COPY_PHASE_STRIP = NO;
				DEBUG_INFORMATION_FORMAT = "dwarf-with-dsym";
				ENABLE_NS_ASSERTIONS = NO;
				ENABLE_STRICT_OBJC_MSGSEND = YES;
				GCC_C_LANGUAGE_STANDARD = gnu11;
				GCC_NO_COMMON_BLOCKS = YES;
				GCC_WARN_64_TO_32_BIT_CONVERSION = YES;
				GCC_WARN_ABOUT_RETURN_TYPE = YES_ERROR;
				GCC_WARN_UNDECLARED_SELECTOR = YES;
				GCC_WARN_UNINITIALIZED_AUTOS = YES_AGGRESSIVE;
				GCC_WARN_UNUSED_FUNCTION = YES;
				GCC_WARN_UNUSED_VARIABLE = YES;
				MACOSX_DEPLOYMENT_TARGET = 11.3;
				MTL_ENABLE_DEBUG_INFO = NO;
				MTL_FAST_MATH = YES;
				SDKROOT = macosx;
			};
			name = Release;
		};
		F22EAF7C26A775AB00EF682C /* Debug */ = {
			isa = XCBuildConfiguration;
			buildSettings = {
				ASSETCATALOG_COMPILER_APPICON_NAME = AppIcon;
				ASSETCATALOG_COMPILER_GLOBAL_ACCENT_COLOR_NAME = AccentColor;
				CODE_SIGN_ENTITLEMENTS = memtest/memtest.entitlements;
				CODE_SIGN_STYLE = Automatic;
				COMBINE_HIDPI_IMAGES = YES;
				INFOPLIST_FILE = memtest/Info.plist;
				LD_RUNPATH_SEARCH_PATHS = (
					"$(inherited)",
					"@executable_path/../Frameworks",
				);
				PRODUCT_BUNDLE_IDENTIFIER = com.akashdhami.memtest;
				PRODUCT_NAME = "$(TARGET_NAME)";
			};
			name = Debug;
		};
		F22EAF7D26A775AB00EF682C /* Release */ = {
			isa = XCBuildConfiguration;
			buildSettings = {
				ASSETCATALOG_COMPILER_APPICON_NAME = AppIcon;
				ASSETCATALOG_COMPILER_GLOBAL_ACCENT_COLOR_NAME = AccentColor;
				CODE_SIGN_ENTITLEMENTS = memtest/memtest.entitlements;
				CODE_SIGN_STYLE = Automatic;
				COMBINE_HIDPI_IMAGES = YES;
				INFOPLIST_FILE = memtest/Info.plist;
				LD_RUNPATH_SEARCH_PATHS = (
					"$(inherited)",
					"@executable_path/../Frameworks",
				);
				PRODUCT_BUNDLE_IDENTIFIER = com.akashdhami.memtest;
				PRODUCT_NAME = "$(TARGET_NAME)";
			};
			name = Release;
		};
		F22EAF7F26A775AB00EF682C /* Debug */ = {
			isa = XCBuildConfiguration;
			buildSettings = {
				BUNDLE_LOADER = "$(TEST_HOST)";
				CODE_SIGN_STYLE = Automatic;
				COMBINE_HIDPI_IMAGES = YES;
				INFOPLIST_FILE = memtestTests/Info.plist;
				LD_RUNPATH_SEARCH_PATHS = (
					"$(inherited)",
					"@executable_path/../Frameworks",
					"@loader_path/../Frameworks",
				);
				MACOSX_DEPLOYMENT_TARGET = 11.3;
				PRODUCT_BUNDLE_IDENTIFIER = com.akashdhami.memtestTests;
				PRODUCT_NAME = "$(TARGET_NAME)";
				TEST_HOST = "$(BUILT_PRODUCTS_DIR)/memtest.app/Contents/MacOS/memtest";
			};
			name = Debug;
		};
		F22EAF8026A775AB00EF682C /* Release */ = {
			isa = XCBuildConfiguration;
			buildSettings = {
				BUNDLE_LOADER = "$(TEST_HOST)";
				CODE_SIGN_STYLE = Automatic;
				COMBINE_HIDPI_IMAGES = YES;
				INFOPLIST_FILE = memtestTests/Info.plist;
				LD_RUNPATH_SEARCH_PATHS = (
					"$(inherited)",
					"@executable_path/../Frameworks",
					"@loader_path/../Frameworks",
				);
				MACOSX_DEPLOYMENT_TARGET = 11.3;
				PRODUCT_BUNDLE_IDENTIFIER = com.akashdhami.memtestTests;
				PRODUCT_NAME = "$(TARGET_NAME)";
				TEST_HOST = "$(BUILT_PRODUCTS_DIR)/memtest.app/Contents/MacOS/memtest";
			};
			name = Release;
		};
		F22EAF8226A775AB00EF682C /* Debug */ = {
			isa = XCBuildConfiguration;
			buildSettings = {
				CODE_SIGN_STYLE = Automatic;
				COMBINE_HIDPI_IMAGES = YES;
				INFOPLIST_FILE = memtestUITests/Info.plist;
				LD_RUNPATH_SEARCH_PATHS = (
					"$(inherited)",
					"@executable_path/../Frameworks",
					"@loader_path/../Frameworks",
				);
				PRODUCT_BUNDLE_IDENTIFIER = com.akashdhami.memtestUITests;
				PRODUCT_NAME = "$(TARGET_NAME)";
				TEST_TARGET_NAME = memtest;
			};
			name = Debug;
		};
		F22EAF8326A775AB00EF682C /* Release */ = {
			isa = XCBuildConfiguration;
			buildSettings = {
				CODE_SIGN_STYLE = Automatic;
				COMBINE_HIDPI_IMAGES = YES;
				INFOPLIST_FILE = memtestUITests/Info.plist;
				LD_RUNPATH_SEARCH_PATHS = (
					"$(inherited)",
					"@executable_path/../Frameworks",
					"@loader_path/../Frameworks",
				);
				PRODUCT_BUNDLE_IDENTIFIER = com.akashdhami.memtestUITests;
				PRODUCT_NAME = "$(TARGET_NAME)";
				TEST_TARGET_NAME = memtest;
			};
			name = Release;
		};
/* End XCBuildConfiguration section */

/* Begin XCConfigurationList section */
		F22EAF4C26A775A900EF682C /* Build configuration list for PBXProject "memtest" */ = {
			isa = XCConfigurationList;
			buildConfigurations = (
				F22EAF7926A775AB00EF682C /* Debug */,
				F22EAF7A26A775AB00EF682C /* Release */,
			);
			defaultConfigurationIsVisible = 0;
			defaultConfigurationName = Release;
		};
		F22EAF7B26A775AB00EF682C /* Build configuration list for PBXNativeTarget "memtest" */ = {
			isa = XCConfigurationList;
			buildConfigurations = (
				F22EAF7C26A775AB00EF682C /* Debug */,
				F22EAF7D26A775AB00EF682C /* Release */,
			);
			defaultConfigurationIsVisible = 0;
			defaultConfigurationName = Release;
		};
		F22EAF7E26A775AB00EF682C /* Build configuration list for PBXNativeTarget "memtestTests" */ = {
			isa = XCConfigurationList;
			buildConfigurations = (
				F22EAF7F26A775AB00EF682C /* Debug */,
				F22EAF8026A775AB00EF682C /* Release */,
			);
			defaultConfigurationIsVisible = 0;
			defaultConfigurationName = Release;
		};
		F22EAF8126A775AB00EF682C /* Build configuration list for PBXNativeTarget "memtestUITests" */ = {
			isa = XCConfigurationList;
			buildConfigurations = (
				F22EAF8226A775AB00EF682C /* Debug */,
				F22EAF8326A775AB00EF682C /* Release */,
			);
			defaultConfigurationIsVisible = 0;
			defaultConfigurationName = Release;
		};
/* End XCConfigurationList section */
	};
	rootObject = F22EAF4926A775A900EF682C /* Project object */;
}
